github.com/gopacket/gopacket v1.0.1-0.20230225095122-6457da64b08f h1:C8l7xfkd5dT3+SYTggOrprW30eDbBZzWXqCBvyyvpkI=
github.com/gopacket/gopacket v1.0.1-0.20230225095122-6457da64b08f/go.mod h1:HavMeONEl7W9036of9LbSWoonqhH7HA1+ZRO+rMIvFs=
github.com/hwipl/packet-go v0.0.0-20230226103641-5b033f860f66 h1:04cAjqvysiB/6r+KWasDHJ9iEnPh1h7N+lezNTy9FIE=
github.com/hwipl/packet-go v0.0.0-20230226103641-5b033f860f66/go.mod h1:jNuJgA2Eb92WEC0uyqLzsfnCYSfk6Brq2yw+QXfsj8c=
github.com/vishvananda/netlink v1.1.0 h1:1iyaYNBLmP6L0220aDnYQpo1QEV4t4hJ+xEEhhJH8j0=
github.com/vishvananda/netns v0.0.0-20211101163701-50045581ed74 h1:gga7acRE695APm9hlsSMoOoE65U4/TcqNj90mc69Rlg=
golang.org/x/net v0.7.0 h1:rJrUqqhjsgNp7KqAIc25s9pZnjU7TUcSY7HcVZjdn1g=
golang.org/x/net v0.7.0/go.mod h1:2Tu9+aMcznHK/AK1HMvgo6xiTLG5rD5rZLDS+rp2Bjs=
golang.org/x/sys v0.5.0 h1:MUK/U/4lj1t1oPg0HfuXDN/Z1wv31ZJ/YcPiGccS4DU=
golang.org/x/sys v0.5.0/go.mod h1:oPkhp1MJrh7nUepCBck5+mAzfO9JrbApNNgaTdGDITg=
