github.com/gopacket/gopacket v1.2.1-0.20240421060606-f0b345d69514 h1:nYh2wAwbY0imsX6lrpbskg5nOn2JT9gN6gLnNj+qyAk=
github.com/gopacket/gopacket v1.2.1-0.20240421060606-f0b345d69514/go.mod h1:s3MpO1qlfejTorjdMc0XCvxfcH72FV67S32V39vLDfI=
github.com/hwipl/packet-go v0.0.0-20240428181414-c3550ec3d048 h1:MrJ2aA7JINudB3vW3QDJ2ew+QBc5aFce344mJm6aCsI=
github.com/hwipl/packet-go v0.0.0-20240428181414-c3550ec3d048/go.mod h1:APzh8gVhedeodVeAxlujKbN9lAx1ZN1cY20fyfH6PpA=
github.com/vishvananda/netlink v1.1.0 h1:1iyaYNBLmP6L0220aDnYQpo1QEV4t4hJ+xEEhhJH8j0=
github.com/vishvananda/netlink v1.1.0/go.mod h1:cTgwzPIzzgDAYoQrMm0EdrjRUBkTqKYppBueQtXaqoE=
github.com/vishvananda/netns v0.0.0-20211101163701-50045581ed74 h1:gga7acRE695APm9hlsSMoOoE65U4/TcqNj90mc69Rlg=
github.com/vishvananda/netns v0.0.0-20211101163701-50045581ed74/go.mod h1:DD4vA1DwXk04H54A1oHXtwZmA0grkVMdPxx/VGLCah0=
golang.org/x/net v0.23.0 h1:7EYJ93RZ9vYSZAIb2x3lnuvqO5zneoD6IvWjuhfxjTs=
golang.org/x/net v0.23.0/go.mod h1:JKghWKKOSdJwpW2GEx0Ja7fmaKnMsbu+MWVZTokSYmg=
golang.org/x/sys v0.20.0 h1:Od9JTbYCk261bKm4M/mw7AklTlFYIa0bIp9BgSm1S8Y=
golang.org/x/sys v0.20.0/go.mod h1:/VUhepiaJMQUp4+oa/7Zr1D23ma6VTLIYjOOTFZPUcA=
